
Microsoft Visual Studio Solution File, Format Version 12.00
# Visual Studio Version 17
VisualStudioVersion = 17.6.33801.468
MinimumVisualStudioVersion = 10.0.40219.1
Project("{FAE04EC0-301F-11D3-BF4B-00C04F79EFBC}") = "ASRTookit-M", "ASRTookit-M\ASRTookit-M.csproj", "{9017629D-7D59-4291-A266-1348D414F496}"
EndProject
Global
	GlobalSection(SolutionConfigurationPlatforms) = preSolution
		Debug|Any CPU = Debug|Any CPU
		Release|Any CPU = Release|Any CPU
	EndGlobalSection
	GlobalSection(ProjectConfigurationPlatforms) = postSolution
		{9017629D-7D59-4291-A266-1348D414F496}.Debug|Any CPU.ActiveCfg = Debug|Any CPU
		{9017629D-7D59-4291-A266-1348D414F496}.Debug|Any CPU.Build.0 = Debug|Any CPU
		{9017629D-7D59-4291-A266-1348D414F496}.Release|Any CPU.ActiveCfg = Release|Any CPU
		{9017629D-7D59-4291-A266-1348D414F496}.Release|Any CPU.Build.0 = Release|Any CPU
	EndGlobalSection
	GlobalSection(SolutionProperties) = preSolution
		HideSolutionNode = FALSE
	EndGlobalSection
	GlobalSection(ExtensibilityGlobals) = postSolution
		SolutionGuid = {DD972BF4-3565-4B49-9533-77A24E9981DD}
	EndGlobalSection
EndGlobal
